{
  "projects": [
    {
      "projectId": "ohDidvG9XsCeFumugENU3J",
      "version": "6.26.0",
      "dependencies": {},
      "lang": "ts",
      "fileLocks": [
        {
          "assetId": "ohDidvG9XsCeFumugENU3J",
          "checksum": "de0a0e65174a6a185a8f822af51c6bdd",
          "type": "globalContexts"
        },
        {
          "assetId": "ohDidvG9XsCeFumugENU3J",
          "type": "projectCss",
          "checksum": "fd83b730367fdbde2c69bc6cf31c2a3c"
        }
      ],
      "codegenVersion": "0.0.1"
    },
    {
      "projectId": "eVCRKWwcuK6xExRdUZxKpb",
      "version": "latest",
      "dependencies": {
        "ohDidvG9XsCeFumugENU3J": "6.26.0",
        "7nJ7UcFmq9UzB6eXfC5z4a": "0.29.0",
        "jkU633o1Cz7HrJdwdxhVHk": "16.11.0",
        "caTPwKxj5ZrD9LQ7DMdK4Z": "3.38.0"
      },
      "lang": "ts",
      "fileLocks": [
        {
          "type": "globalVariant",
          "assetId": "JkjoRZ1ijIaF",
          "checksum": "f6d9b1adcde29d9b0386edbf010d001a"
        },
        {
          "assetId": "eVCRKWwcuK6xExRdUZxKpb",
          "checksum": "696604d76e02edb8151b1ecf38d75e10",
          "type": "globalContexts"
        },
        {
          "type": "renderModule",
          "assetId": "O_2jzEy_JW9Z",
          "checksum": "43843125ffd7837cf3761286bc10109a"
        },
        {
          "type": "cssRules",
          "assetId": "O_2jzEy_JW9Z",
          "checksum": "43843125ffd7837cf3761286bc10109a"
        },
        {
          "type": "renderModule",
          "assetId": "WaoscXndZ0Zl",
          "checksum": "a13081d490fa0cc5956d391dd67805a7"
        },
        {
          "type": "cssRules",
          "assetId": "WaoscXndZ0Zl",
          "checksum": "a13081d490fa0cc5956d391dd67805a7"
        },
        {
          "type": "renderModule",
          "assetId": "lrm25Wbtct6n",
          "checksum": "36cb247d1c305b13b448112f04d5f320"
        },
        {
          "type": "cssRules",
          "assetId": "lrm25Wbtct6n",
          "checksum": "36cb247d1c305b13b448112f04d5f320"
        },
        {
          "type": "renderModule",
          "assetId": "KBis_g_ud_Oy",
          "checksum": "80939a6ddb104e1a1789a6d47326a20a"
        },
        {
          "type": "cssRules",
          "assetId": "KBis_g_ud_Oy",
          "checksum": "80939a6ddb104e1a1789a6d47326a20a"
        },
        {
          "type": "renderModule",
          "assetId": "TQ2uLm_LONoV",
          "checksum": "3c844c14df1578b71723d482d3db3559"
        },
        {
          "type": "cssRules",
          "assetId": "TQ2uLm_LONoV",
          "checksum": "3c844c14df1578b71723d482d3db3559"
        },
        {
          "type": "renderModule",
          "assetId": "2QIN1mncY2wG",
          "checksum": "adba2d35b1c48aa1e9ede3b59e517fa1"
        },
        {
          "type": "cssRules",
          "assetId": "2QIN1mncY2wG",
          "checksum": "adba2d35b1c48aa1e9ede3b59e517fa1"
        },
        {
          "type": "renderModule",
          "assetId": "1zoysY8PGt1c",
          "checksum": "92c6a13e11bb6302c837d58aadb454b9"
        },
        {
          "type": "cssRules",
          "assetId": "1zoysY8PGt1c",
          "checksum": "92c6a13e11bb6302c837d58aadb454b9"
        },
        {
          "type": "renderModule",
          "assetId": "C5BW-PZHEkpa",
          "checksum": "19b18fd90a8549a44e66fd8adb3b0998"
        },
        {
          "type": "cssRules",
          "assetId": "C5BW-PZHEkpa",
          "checksum": "19b18fd90a8549a44e66fd8adb3b0998"
        },
        {
          "type": "renderModule",
          "assetId": "J6Bka2G1vC3V",
          "checksum": "418aae22df386c01e05b141a8f908bde"
        },
        {
          "type": "cssRules",
          "assetId": "J6Bka2G1vC3V",
          "checksum": "418aae22df386c01e05b141a8f908bde"
        },
        {
          "type": "renderModule",
          "assetId": "sM9fx20k9r4v",
          "checksum": "f75b19226aa021ab1e550ed98188b100"
        },
        {
          "type": "cssRules",
          "assetId": "sM9fx20k9r4v",
          "checksum": "f75b19226aa021ab1e550ed98188b100"
        },
        {
          "type": "icon",
          "assetId": "uqgFXbTur-qO",
          "checksum": "92612e88eeeddb164ddd1a148597b6b5"
        },
        {
          "type": "icon",
          "assetId": "LHAURlYRDEN8",
          "checksum": "94fe73dee5c49da219d4b266f829d742"
        },
        {
          "type": "icon",
          "assetId": "jNn6TVfimSlZ",
          "checksum": "8516ccdf4dfb572ad07ce1ded8523ca2"
        },
        {
          "type": "icon",
          "assetId": "jQaKMVXEPdPX",
          "checksum": "752dae459738abdef410d2a0379938ee"
        },
        {
          "type": "icon",
          "assetId": "4cDugE6nCYpo",
          "checksum": "9f9b001cd8db6fe1e7292365f76660c3"
        },
        {
          "type": "image",
          "assetId": "NlooVS_7KFb7",
          "checksum": "6ca8d1f3c99d9d66d3400b9a1425849f"
        },
        {
          "type": "renderModule",
          "assetId": "9q-jmAlfABii",
          "checksum": "72aeecedba5937869e491e7575e90274"
        },
        {
          "type": "cssRules",
          "assetId": "9q-jmAlfABii",
          "checksum": "72aeecedba5937869e491e7575e90274"
        },
        {
          "type": "renderModule",
          "assetId": "9nOT5Q-2dsrS",
          "checksum": "172409c364ff3a54732cf573b121a522"
        },
        {
          "type": "cssRules",
          "assetId": "9nOT5Q-2dsrS",
          "checksum": "172409c364ff3a54732cf573b121a522"
        },
        {
          "type": "renderModule",
          "assetId": "ZNds0ptme1kZ",
          "checksum": "c0a3d550062d02fb46e2ab8f96bdc841"
        },
        {
          "type": "cssRules",
          "assetId": "ZNds0ptme1kZ",
          "checksum": "c0a3d550062d02fb46e2ab8f96bdc841"
        },
        {
          "type": "renderModule",
          "assetId": "rjwUuA4AwYcB",
          "checksum": "708bb337867eb733041fd560ba8da477"
        },
        {
          "type": "cssRules",
          "assetId": "rjwUuA4AwYcB",
          "checksum": "708bb337867eb733041fd560ba8da477"
        },
        {
          "type": "renderModule",
          "assetId": "3SFd0T01Rc6S",
          "checksum": "343ca5345ba5544256a022c2dae437ae"
        },
        {
          "type": "cssRules",
          "assetId": "3SFd0T01Rc6S",
          "checksum": "343ca5345ba5544256a022c2dae437ae"
        },
        {
          "type": "icon",
          "assetId": "kJfrcxVUxRzg",
          "checksum": "9caf4485c153b36ad7f9f970d44df50a"
        },
        {
          "type": "icon",
          "assetId": "TlQ7n2RwYBRj",
          "checksum": "c2ee8c786487df95aac9eeddd64cd995"
        },
        {
          "type": "icon",
          "assetId": "7HVTh042efWA",
          "checksum": "933e332624e25519686464f58ca28160"
        },
        {
          "type": "icon",
          "assetId": "vK-DEgytCHDE",
          "checksum": "f7f4235098c217dc29b1f6c9192b1ff2"
        },
        {
          "type": "renderModule",
          "assetId": "tr3HWRTy7Qhj",
          "checksum": "ad565bdd5c147c0d6061ec8b07ef110a"
        },
        {
          "type": "cssRules",
          "assetId": "tr3HWRTy7Qhj",
          "checksum": "ad565bdd5c147c0d6061ec8b07ef110a"
        },
        {
          "type": "renderModule",
          "assetId": "YdlhJVWan4Kd",
          "checksum": "4864f0992a2c5972545efd14f40df6d3"
        },
        {
          "type": "cssRules",
          "assetId": "YdlhJVWan4Kd",
          "checksum": "4864f0992a2c5972545efd14f40df6d3"
        },
        {
          "assetId": "eVCRKWwcuK6xExRdUZxKpb",
          "type": "projectCss",
          "checksum": "18f3aceaa1a428a7fb127b24c9a80bcc"
        }
      ],
      "codegenVersion": "0.0.1"
    },
    {
      "projectId": "jkU633o1Cz7HrJdwdxhVHk",
      "version": "16.11.0",
      "dependencies": {},
      "lang": "ts",
      "fileLocks": [
        {
          "assetId": "jkU633o1Cz7HrJdwdxhVHk",
          "type": "projectCss",
          "checksum": "0581d4378bb1604bb5fe3f65bb0a37de"
        }
      ],
      "codegenVersion": "0.0.1"
    },
    {
      "projectId": "7nJ7UcFmq9UzB6eXfC5z4a",
      "version": "0.29.0",
      "dependencies": {},
      "lang": "ts",
      "fileLocks": [
        {
          "assetId": "7nJ7UcFmq9UzB6eXfC5z4a",
          "type": "projectCss",
          "checksum": "05587b57f22f0ec8bb54543deb39762e"
        }
      ],
      "codegenVersion": "0.0.1"
    },
    {
      "projectId": "caTPwKxj5ZrD9LQ7DMdK4Z",
      "version": "3.38.0",
      "dependencies": {},
      "lang": "ts",
      "fileLocks": [
        {
          "assetId": "caTPwKxj5ZrD9LQ7DMdK4Z",
          "type": "projectCss",
          "checksum": "e1ec850476829c38b0f9b6d4f7ac446a"
        }
      ],
      "codegenVersion": "0.0.1"
    }
  ],
  "cliVersion": "0.1.311"
}
