{
  "projects": [
    {
      "projectId": "ohDidvG9XsCeFumugENU3J",
      "version": "6.3.0",
      "dependencies": {},
      "lang": "ts",
      "fileLocks": [
        {
          "assetId": "ohDidvG9XsCeFumugENU3J",
          "type": "projectCss",
          "checksum": "fd83b730367fdbde2c69bc6cf31c2a3c"
        },
        {
          "assetId": "ohDidvG9XsCeFumugENU3J",
          "checksum": "9edd6de3249e8ce87ee98f963fba1736",
          "type": "globalContexts"
        }
      ],
      "codegenVersion": "0.0.1"
    },
    {
      "projectId": "eVCRKWwcuK6xExRdUZxKpb",
      "version": "latest",
      "dependencies": {
        "ohDidvG9XsCeFumugENU3J": "6.7.0"
      },
      "lang": "ts",
      "fileLocks": [
        {
          "type": "globalVariant",
          "assetId": "JkjoRZ1ijIaF",
          "checksum": "aec8a40e40631da5ff39a95246a0db6e"
        },
        {
          "assetId": "eVCRKWwcuK6xExRdUZxKpb",
          "checksum": "cb0feaa3827a9e3f2b04e822b5f8aeec",
          "type": "globalContexts"
        },
        {
          "type": "renderModule",
          "assetId": "O_2jzEy_JW9Z",
          "checksum": "cdfcf84c47a8ad83efbd78c333695f0a"
        },
        {
          "type": "cssRules",
          "assetId": "O_2jzEy_JW9Z",
          "checksum": "cdfcf84c47a8ad83efbd78c333695f0a"
        },
        {
          "type": "renderModule",
          "assetId": "WaoscXndZ0Zl",
          "checksum": "92f09765a3365be1e4717af278710726"
        },
        {
          "type": "cssRules",
          "assetId": "WaoscXndZ0Zl",
          "checksum": "92f09765a3365be1e4717af278710726"
        },
        {
          "type": "renderModule",
          "assetId": "lrm25Wbtct6n",
          "checksum": "ce405fbf6c3230f2fd5318ff9038ec8e"
        },
        {
          "type": "cssRules",
          "assetId": "lrm25Wbtct6n",
          "checksum": "ce405fbf6c3230f2fd5318ff9038ec8e"
        },
        {
          "type": "renderModule",
          "assetId": "KBis_g_ud_Oy",
          "checksum": "58a5b1c24b56b7b8122b60c74d57207a"
        },
        {
          "type": "cssRules",
          "assetId": "KBis_g_ud_Oy",
          "checksum": "58a5b1c24b56b7b8122b60c74d57207a"
        },
        {
          "type": "renderModule",
          "assetId": "TQ2uLm_LONoV",
          "checksum": "9fd16288df1a6443b0320f4fc7b382ac"
        },
        {
          "type": "cssRules",
          "assetId": "TQ2uLm_LONoV",
          "checksum": "9fd16288df1a6443b0320f4fc7b382ac"
        },
        {
          "type": "renderModule",
          "assetId": "2QIN1mncY2wG",
          "checksum": "898b37830b5df7847562674d9d90ac57"
        },
        {
          "type": "cssRules",
          "assetId": "2QIN1mncY2wG",
          "checksum": "898b37830b5df7847562674d9d90ac57"
        },
        {
          "type": "renderModule",
          "assetId": "1zoysY8PGt1c",
          "checksum": "34f110e3b3808095dc198c49ea72a878"
        },
        {
          "type": "cssRules",
          "assetId": "1zoysY8PGt1c",
          "checksum": "34f110e3b3808095dc198c49ea72a878"
        },
        {
          "type": "renderModule",
          "assetId": "C5BW-PZHEkpa",
          "checksum": "4b656a3efbed2312754009dc40813689"
        },
        {
          "type": "cssRules",
          "assetId": "C5BW-PZHEkpa",
          "checksum": "4b656a3efbed2312754009dc40813689"
        },
        {
          "type": "renderModule",
          "assetId": "J6Bka2G1vC3V",
          "checksum": "b4d837412ac5d7e8e27120a15ccd0805"
        },
        {
          "type": "cssRules",
          "assetId": "J6Bka2G1vC3V",
          "checksum": "b4d837412ac5d7e8e27120a15ccd0805"
        },
        {
          "type": "renderModule",
          "assetId": "sM9fx20k9r4v",
          "checksum": "350083e88348492a76d434887a031016"
        },
        {
          "type": "cssRules",
          "assetId": "sM9fx20k9r4v",
          "checksum": "350083e88348492a76d434887a031016"
        },
        {
          "type": "icon",
          "assetId": "uqgFXbTur-qO",
          "checksum": "b9f0ba3c59be338356eb9ee1de5cdd40"
        },
        {
          "type": "icon",
          "assetId": "LHAURlYRDEN8",
          "checksum": "94fe73dee5c49da219d4b266f829d742"
        },
        {
          "type": "icon",
          "assetId": "jNn6TVfimSlZ",
          "checksum": "dd96466bea069277444fe6d6038d0e4d"
        },
        {
          "type": "icon",
          "assetId": "jQaKMVXEPdPX",
          "checksum": "ef2821e3eef64d1d9b8456d8a2c0db94"
        },
        {
          "type": "icon",
          "assetId": "4cDugE6nCYpo",
          "checksum": "bfaf9af74119cf5f5f8ec303fbbf1f92"
        },
        {
          "type": "image",
          "assetId": "NlooVS_7KFb7",
          "checksum": "6ca8d1f3c99d9d66d3400b9a1425849f"
        },
        {
          "assetId": "eVCRKWwcuK6xExRdUZxKpb",
          "type": "projectCss",
          "checksum": "7d2d2514526f95a6c095c6d29e71c28b"
        }
      ],
      "codegenVersion": "0.0.1"
    }
  ],
  "cliVersion": "0.1.311"
}
